
Microsoft Visual Studio Solution File, Format Version 12.00
# Visual Studio 15
VisualStudioVersion = 15.0.28010.2041
MinimumVisualStudioVersion = 10.0.40219.1
Project("{FAE04EC0-301F-11D3-BF4B-00C04F79EFBC}") = "WindowsFormsApp2", "WindowsFormsApp2\WindowsFormsApp2.csproj", "{16A0FD40-A0DB-41A5-9172-31FF0401DF15}"
EndProject
Global
	GlobalSection(SolutionConfigurationPlatforms) = preSolution
		Debug|Any CPU = Debug|Any CPU
		Release|Any CPU = Release|Any CPU
	EndGlobalSection
	GlobalSection(ProjectConfigurationPlatforms) = postSolution
		{16A0FD40-A0DB-41A5-9172-31FF0401DF15}.Debug|Any CPU.ActiveCfg = Debug|Any CPU
		{16A0FD40-A0DB-41A5-9172-31FF0401DF15}.Debug|Any CPU.Build.0 = Debug|Any CPU
		{16A0FD40-A0DB-41A5-9172-31FF0401DF15}.Release|Any CPU.ActiveCfg = Release|Any CPU
		{16A0FD40-A0DB-41A5-9172-31FF0401DF15}.Release|Any CPU.Build.0 = Release|Any CPU
	EndGlobalSection
	GlobalSection(SolutionProperties) = preSolution
		HideSolutionNode = FALSE
	EndGlobalSection
	GlobalSection(ExtensibilityGlobals) = postSolution
		SolutionGuid = {C2A7A7DA-A2D9-4EA4-BF8F-0614483803F8}
	EndGlobalSection
EndGlobal
